// !$*UTF8*$!
{
	archiveVersion = 1;
	classes = {
	};
	objectVersion = 50;
	objects = {

/* Begin PBXBuildFile section */
		CEDA81CA25C723BA00980C1B /* AppDelegate.swift in Sources */ = {isa = PBXBuildFile; fileRef = CEDA81C925C723BA00980C1B /* AppDelegate.swift */; };
		CEDA81CC25C723BA00980C1B /* SceneDelegate.swift in Sources */ = {isa = PBXBuildFile; fileRef = CEDA81CB25C723BA00980C1B /* SceneDelegate.swift */; };
		CEDA81CE25C723BA00980C1B /* ViewController.swift in Sources */ = {isa = PBXBuildFile; fileRef = CEDA81CD25C723BA00980C1B /* ViewController.swift */; };
		CEDA81D125C723BA00980C1B /* Main.storyboard in Resources */ = {isa = PBXBuildFile; fileRef = CEDA81CF25C723BA00980C1B /* Main.storyboard */; };
		CEDA81D325C723BE00980C1B /* Assets.xcassets in Resources */ = {isa = PBXBuildFile; fileRef = CEDA81D225C723BE00980C1B /* Assets.xcassets */; };
		CEDA81D625C723BE00980C1B /* LaunchScreen.storyboard in Resources */ = {isa = PBXBuildFile; fileRef = CEDA81D425C723BE00980C1B /* LaunchScreen.storyboard */; };
		CEDA81E425C726D000980C1B /* Question.swift in Sources */ = {isa = PBXBuildFile; fileRef = CEDA81E325C726D000980C1B /* Question.swift */; };
		CEFE0DF325C8111B00E6B1B6 /* QuizBrain.swift in Sources */ = {isa = PBXBuildFile; fileRef = CEFE0DF225C8111B00E6B1B6 /* QuizBrain.swift */; };
/* End PBXBuildFile section */

/* Begin PBXFileReference section */
		CEDA81C625C723BA00980C1B /* Quizzz.app */ = {isa = PBXFileReference; explicitFileType = wrapper.application; includeInIndex = 0; path = Quizzz.app; sourceTree = BUILT_PRODUCTS_DIR; };
		CEDA81C925C723BA00980C1B /* AppDelegate.swift */ = {isa = PBXFileReference; lastKnownFileType = sourcecode.swift; path = AppDelegate.swift; sourceTree = "<group>"; };
		CEDA81CB25C723BA00980C1B /* SceneDelegate.swift */ = {isa = PBXFileReference; lastKnownFileType = sourcecode.swift; path = SceneDelegate.swift; sourceTree = "<group>"; };
		CEDA81CD25C723BA00980C1B /* ViewController.swift */ = {isa = PBXFileReference; lastKnownFileType = sourcecode.swift; path = ViewController.swift; sourceTree = "<group>"; };
		CEDA81D025C723BA00980C1B /* Base */ = {isa = PBXFileReference; lastKnownFileType = file.storyboard; name = Base; path = Base.lproj/Main.storyboard; sourceTree = "<group>"; };
		CEDA81D225C723BE00980C1B /* Assets.xcassets */ = {isa = PBXFileReference; lastKnownFileType = folder.assetcatalog; path = Assets.xcassets; sourceTree = "<group>"; };
		CEDA81D525C723BE00980C1B /* Base */ = {isa = PBXFileReference; lastKnownFileType = file.storyboard; name = Base; path = Base.lproj/LaunchScreen.storyboard; sourceTree = "<group>"; };
		CEDA81D725C723BE00980C1B /* Info.plist */ = {isa = PBXFileReference; lastKnownFileType = text.plist.xml; path = Info.plist; sourceTree = "<group>"; };
		CEDA81E325C726D000980C1B /* Question.swift */ = {isa = PBXFileReference; lastKnownFileType = sourcecode.swift; path = Question.swift; sourceTree = "<group>"; };
		CEFE0DF225C8111B00E6B1B6 /* QuizBrain.swift */ = {isa = PBXFileReference; lastKnownFileType = sourcecode.swift; path = QuizBrain.swift; sourceTree = "<group>"; };
/* End PBXFileReference section */

/* Begin PBXFrameworksBuildPhase section */
		CEDA81C325C723BA00980C1B /* Frameworks */ = {
			isa = PBXFrameworksBuildPhase;
			buildActionMask = 2147483647;
			files = (
			);
			runOnlyForDeploymentPostprocessing = 0;
		};
/* End PBXFrameworksBuildPhase section */

/* Begin PBXGroup section */
		CEDA81BD25C723BA00980C1B = {
			isa = PBXGroup;
			children = (
				CEDA81C825C723BA00980C1B /* Quizzz */,
				CEDA81C725C723BA00980C1B /* Products */,
			);
			sourceTree = "<group>";
		};
		CEDA81C725C723BA00980C1B /* Products */ = {
			isa = PBXGroup;
			children = (
				CEDA81C625C723BA00980C1B /* Quizzz.app */,
			);
			name = Products;
			sourceTree = "<group>";
		};
		CEDA81C825C723BA00980C1B /* Quizzz */ = {
			isa = PBXGroup;
			children = (
				CEDA81C925C723BA00980C1B /* AppDelegate.swift */,
				CEDA81CB25C723BA00980C1B /* SceneDelegate.swift */,
				CEDA81DF25C7243200980C1B /* Model */,
				CEDA81DE25C7242100980C1B /* View */,
				CEDA81E025C7244100980C1B /* Controller */,
				CEDA81D225C723BE00980C1B /* Assets.xcassets */,
				CEDA81D425C723BE00980C1B /* LaunchScreen.storyboard */,
				CEDA81D725C723BE00980C1B /* Info.plist */,
			);
			path = Quizzz;
			sourceTree = "<group>";
		};
		CEDA81DE25C7242100980C1B /* View */ = {
			isa = PBXGroup;
			children = (
				CEDA81CF25C723BA00980C1B /* Main.storyboard */,
			);
			path = View;
			sourceTree = "<group>";
		};
		CEDA81DF25C7243200980C1B /* Model */ = {
			isa = PBXGroup;
			children = (
				CEDA81E325C726D000980C1B /* Question.swift */,
				CEFE0DF225C8111B00E6B1B6 /* QuizBrain.swift */,
			);
			path = Model;
			sourceTree = "<group>";
		};
		CEDA81E025C7244100980C1B /* Controller */ = {
			isa = PBXGroup;
			children = (
				CEDA81CD25C723BA00980C1B /* ViewController.swift */,
			);
			path = Controller;
			sourceTree = "<group>";
		};
/* End PBXGroup section */

/* Begin PBXNativeTarget section */
		CEDA81C525C723BA00980C1B /* Quizzz */ = {
			isa = PBXNativeTarget;
			buildConfigurationList = CEDA81DA25C723BE00980C1B /* Build configuration list for PBXNativeTarget "Quizzz" */;
			buildPhases = (
				CEDA81C225C723BA00980C1B /* Sources */,
				CEDA81C325C723BA00980C1B /* Frameworks */,
				CEDA81C425C723BA00980C1B /* Resources */,
			);
			buildRules = (
			);
			dependencies = (
			);
			name = Quizzz;
			productName = Quizzz;
			productReference = CEDA81C625C723BA00980C1B /* Quizzz.app */;
			productType = "com.apple.product-type.application";
		};
/* End PBXNativeTarget section */

/* Begin PBXProject section */
		CEDA81BE25C723BA00980C1B /* Project object */ = {
			isa = PBXProject;
			attributes = {
				LastSwiftUpdateCheck = 1240;
				LastUpgradeCheck = 1240;
				TargetAttributes = {
					CEDA81C525C723BA00980C1B = {
						CreatedOnToolsVersion = 12.4;
					};
				};
			};
			buildConfigurationList = CEDA81C125C723BA00980C1B /* Build configuration list for PBXProject "Quizzz" */;
			compatibilityVersion = "Xcode 9.3";
			developmentRegion = en;
			hasScannedForEncodings = 0;
			knownRegions = (
				en,
				Base,
			);
			mainGroup = CEDA81BD25C723BA00980C1B;
			productRefGroup = CEDA81C725C723BA00980C1B /* Products */;
			projectDirPath = "";
			projectRoot = "";
			targets = (
				CEDA81C525C723BA00980C1B /* Quizzz */,
			);
		};
/* End PBXProject section */

/* Begin PBXResourcesBuildPhase section */
		CEDA81C425C723BA00980C1B /* Resources */ = {
			isa = PBXResourcesBuildPhase;
			buildActionMask = 2147483647;
			files = (
				CEDA81D625C723BE00980C1B /* LaunchScreen.storyboard in Resources */,
				CEDA81D325C723BE00980C1B /* Assets.xcassets in Resources */,
				CEDA81D125C723BA00980C1B /* Main.storyboard in Resources */,
			);
			runOnlyForDeploymentPostprocessing = 0;
		};
/* End PBXResourcesBuildPhase section */

/* Begin PBXSourcesBuildPhase section */
		CEDA81C225C723BA00980C1B /* Sources */ = {
			isa = PBXSourcesBuildPhase;
			buildActionMask = 2147483647;
			files = (
				CEFE0DF325C8111B00E6B1B6 /* QuizBrain.swift in Sources */,
				CEDA81CE25C723BA00980C1B /* ViewController.swift in Sources */,
				CEDA81E425C726D000980C1B /* Question.swift in Sources */,
				CEDA81CA25C723BA00980C1B /* AppDelegate.swift in Sources */,
				CEDA81CC25C723BA00980C1B /* SceneDelegate.swift in Sources */,
			);
			runOnlyForDeploymentPostprocessing = 0;
		};
/* End PBXSourcesBuildPhase section */

/* Begin PBXVariantGroup section */
		CEDA81CF25C723BA00980C1B /* Main.storyboard */ = {
			isa = PBXVariantGroup;
			children = (
				CEDA81D025C723BA00980C1B /* Base */,
			);
			name = Main.storyboard;
			sourceTree = "<group>";
		};
		CEDA81D425C723BE00980C1B /* LaunchScreen.storyboard */ = {
			isa = PBXVariantGroup;
			children = (
				CEDA81D525C723BE00980C1B /* Base */,
			);
			name = LaunchScreen.storyboard;
			sourceTree = "<group>";
		};
/* End PBXVariantGroup section */

/* Begin XCBuildConfiguration section */
		CEDA81D825C723BE00980C1B /* Debug */ = {
			isa = XCBuildConfiguration;
			buildSettings = {
				ALWAYS_SEARCH_USER_PATHS = NO;
				CLANG_ANALYZER_NONNULL = YES;
				CLANG_ANALYZER_NUMBER_OBJECT_CONVERSION = YES_AGGRESSIVE;
				CLANG_CXX_LANGUAGE_STANDARD = "gnu++14";
				CLANG_CXX_LIBRARY = "libc++";
				CLANG_ENABLE_MODULES = YES;
				CLANG_ENABLE_OBJC_ARC = YES;
				CLANG_ENABLE_OBJC_WEAK = YES;
				CLANG_WARN_BLOCK_CAPTURE_AUTORELEASING = YES;
				CLANG_WARN_BOOL_CONVERSION = YES;
				CLANG_WARN_COMMA = YES;
				CLANG_WARN_CONSTANT_CONVERSION = YES;
				CLANG_WARN_DEPRECATED_OBJC_IMPLEMENTATIONS = YES;
				CLANG_WARN_DIRECT_OBJC_ISA_USAGE = YES_ERROR;
				CLANG_WARN_DOCUMENTATION_COMMENTS = YES;
				CLANG_WARN_EMPTY_BODY = YES;
				CLANG_WARN_ENUM_CONVERSION = YES;
				CLANG_WARN_INFINITE_RECURSION = YES;
				CLANG_WARN_INT_CONVERSION = YES;
				CLANG_WARN_NON_LITERAL_NULL_CONVERSION = YES;
				CLANG_WARN_OBJC_IMPLICIT_RETAIN_SELF = YES;
				CLANG_WARN_OBJC_LITERAL_CONVERSION = YES;
				CLANG_WARN_OBJC_ROOT_CLASS = YES_ERROR;
				CLANG_WARN_QUOTED_INCLUDE_IN_FRAMEWORK_HEADER = YES;
				CLANG_WARN_RANGE_LOOP_ANALYSIS = YES;
				CLANG_WARN_STRICT_PROTOTYPES = YES;
				CLANG_WARN_SUSPICIOUS_MOVE = YES;
				CLANG_WARN_UNGUARDED_AVAILABILITY = YES_AGGRESSIVE;
				CLANG_WARN_UNREACHABLE_CODE = YES;
				CLANG_WARN__DUPLICATE_METHOD_MATCH = YES;
				COPY_PHASE_STRIP = NO;
				DEBUG_INFORMATION_FORMAT = dwarf;
				ENABLE_STRICT_OBJC_MSGSEND = YES;
				ENABLE_TESTABILITY = YES;
				GCC_C_LANGUAGE_STANDARD = gnu11;
				GCC_DYNAMIC_NO_PIC = NO;
				GCC_NO_COMMON_BLOCKS = YES;
				GCC_OPTIMIZATION_LEVEL = 0;
				GCC_PREPROCESSOR_DEFINITIONS = (
					"DEBUG=1",
					"$(inherited)",
				);
				GCC_WARN_64_TO_32_BIT_CONVERSION = YES;
				GCC_WARN_ABOUT_RETURN_TYPE = YES_ERROR;
				GCC_WARN_UNDECLARED_SELECTOR = YES;
				GCC_WARN_UNINITIALIZED_AUTOS = YES_AGGRESSIVE;
				GCC_WARN_UNUSED_FUNCTION = YES;
				GCC_WARN_UNUSED_VARIABLE = YES;
				IPHONEOS_DEPLOYMENT_TARGET = 14.4;
				MTL_ENABLE_DEBUG_INFO = INCLUDE_SOURCE;
				MTL_FAST_MATH = YES;
				ONLY_ACTIVE_ARCH = YES;
				SDKROOT = iphoneos;
				SWIFT_ACTIVE_COMPILATION_CONDITIONS = DEBUG;
				SWIFT_OPTIMIZATION_LEVEL = "-Onone";
			};
			name = Debug;
		};
		CEDA81D925C723BE00980C1B /* Release */ = {
			isa = XCBuildConfiguration;
			buildSettings = {
				ALWAYS_SEARCH_USER_PATHS = NO;
				CLANG_ANALYZER_NONNULL = YES;
				CLANG_ANALYZER_NUMBER_OBJECT_CONVERSION = YES_AGGRESSIVE;
				CLANG_CXX_LANGUAGE_STANDARD = "gnu++14";
				CLANG_CXX_LIBRARY = "libc++";
				CLANG_ENABLE_MODULES = YES;
				CLANG_ENABLE_OBJC_ARC = YES;
				CLANG_ENABLE_OBJC_WEAK = YES;
				CLANG_WARN_BLOCK_CAPTURE_AUTORELEASING = YES;
				CLANG_WARN_BOOL_CONVERSION = YES;
				CLANG_WARN_COMMA = YES;
				CLANG_WARN_CONSTANT_CONVERSION = YES;
				CLANG_WARN_DEPRECATED_OBJC_IMPLEMENTATIONS = YES;
				CLANG_WARN_DIRECT_OBJC_ISA_USAGE = YES_ERROR;
				CLANG_WARN_DOCUMENTATION_COMMENTS = YES;
				CLANG_WARN_EMPTY_BODY = YES;
				CLANG_WARN_ENUM_CONVERSION = YES;
				CLANG_WARN_INFINITE_RECURSION = YES;
				CLANG_WARN_INT_CONVERSION = YES;
				CLANG_WARN_NON_LITERAL_NULL_CONVERSION = YES;
				CLANG_WARN_OBJC_IMPLICIT_RETAIN_SELF = YES;
				CLANG_WARN_OBJC_LITERAL_CONVERSION = YES;
				CLANG_WARN_OBJC_ROOT_CLASS = YES_ERROR;
				CLANG_WARN_QUOTED_INCLUDE_IN_FRAMEWORK_HEADER = YES;
				CLANG_WARN_RANGE_LOOP_ANALYSIS = YES;
				CLANG_WARN_STRICT_PROTOTYPES = YES;
				CLANG_WARN_SUSPICIOUS_MOVE = YES;
				CLANG_WARN_UNGUARDED_AVAILABILITY = YES_AGGRESSIVE;
				CLANG_WARN_UNREACHABLE_CODE = YES;
				CLANG_WARN__DUPLICATE_METHOD_MATCH = YES;
				COPY_PHASE_STRIP = NO;
				DEBUG_INFORMATION_FORMAT = "dwarf-with-dsym";
				ENABLE_NS_ASSERTIONS = NO;
				ENABLE_STRICT_OBJC_MSGSEND = YES;
				GCC_C_LANGUAGE_STANDARD = gnu11;
				GCC_NO_COMMON_BLOCKS = YES;
				GCC_WARN_64_TO_32_BIT_CONVERSION = YES;
				GCC_WARN_ABOUT_RETURN_TYPE = YES_ERROR;
				GCC_WARN_UNDECLARED_SELECTOR = YES;
				GCC_WARN_UNINITIALIZED_AUTOS = YES_AGGRESSIVE;
				GCC_WARN_UNUSED_FUNCTION = YES;
				GCC_WARN_UNUSED_VARIABLE = YES;
				IPHONEOS_DEPLOYMENT_TARGET = 14.4;
				MTL_ENABLE_DEBUG_INFO = NO;
				MTL_FAST_MATH = YES;
				SDKROOT = iphoneos;
				SWIFT_COMPILATION_MODE = wholemodule;
				SWIFT_OPTIMIZATION_LEVEL = "-O";
				VALIDATE_PRODUCT = YES;
			};
			name = Release;
		};
		CEDA81DB25C723BE00980C1B /* Debug */ = {
			isa = XCBuildConfiguration;
			buildSettings = {
				ASSETCATALOG_COMPILER_APPICON_NAME = AppIcon;
				ASSETCATALOG_COMPILER_GLOBAL_ACCENT_COLOR_NAME = AccentColor;
				CODE_SIGN_STYLE = Automatic;
				DEVELOPMENT_TEAM = 24SZ8SF627;
				INFOPLIST_FILE = Quizzz/Info.plist;
				LD_RUNPATH_SEARCH_PATHS = (
					"$(inherited)",
					"@executable_path/Frameworks",
				);
				PRODUCT_BUNDLE_IDENTIFIER = "Driver-s.Quizzz";
				PRODUCT_NAME = "$(TARGET_NAME)";
				SWIFT_VERSION = 5.0;
				TARGETED_DEVICE_FAMILY = "1,2";
			};
			name = Debug;
		};
		CEDA81DC25C723BE00980C1B /* Release */ = {
			isa = XCBuildConfiguration;
			buildSettings = {
				ASSETCATALOG_COMPILER_APPICON_NAME = AppIcon;
				ASSETCATALOG_COMPILER_GLOBAL_ACCENT_COLOR_NAME = AccentColor;
				CODE_SIGN_STYLE = Automatic;
				DEVELOPMENT_TEAM = 24SZ8SF627;
				INFOPLIST_FILE = Quizzz/Info.plist;
				LD_RUNPATH_SEARCH_PATHS = (
					"$(inherited)",
					"@executable_path/Frameworks",
				);
				PRODUCT_BUNDLE_IDENTIFIER = "Driver-s.Quizzz";
				PRODUCT_NAME = "$(TARGET_NAME)";
				SWIFT_VERSION = 5.0;
				TARGETED_DEVICE_FAMILY = "1,2";
			};
			name = Release;
		};
/* End XCBuildConfiguration section */

/* Begin XCConfigurationList section */
		CEDA81C125C723BA00980C1B /* Build configuration list for PBXProject "Quizzz" */ = {
			isa = XCConfigurationList;
			buildConfigurations = (
				CEDA81D825C723BE00980C1B /* Debug */,
				CEDA81D925C723BE00980C1B /* Release */,
			);
			defaultConfigurationIsVisible = 0;
			defaultConfigurationName = Release;
		};
		CEDA81DA25C723BE00980C1B /* Build configuration list for PBXNativeTarget "Quizzz" */ = {
			isa = XCConfigurationList;
			buildConfigurations = (
				CEDA81DB25C723BE00980C1B /* Debug */,
				CEDA81DC25C723BE00980C1B /* Release */,
			);
			defaultConfigurationIsVisible = 0;
			defaultConfigurationName = Release;
		};
/* End XCConfigurationList section */
	};
	rootObject = CEDA81BE25C723BA00980C1B /* Project object */;
}
